
Microsoft Visual Studio Solution File, Format Version 12.00
# Visual Studio 15
VisualStudioVersion = 15.0.27004.2010
MinimumVisualStudioVersion = 10.0.40219.1
Project("{9A19103F-16F7-4668-BE54-9A1E7A4F7556}") = "PostalTracking.API", "PostalTracking.API\PostalTracking.API.csproj", "{D6D5B2FF-2E03-4AA3-AA43-9322B8D93B36}"
EndProject
Project("{9A19103F-16F7-4668-BE54-9A1E7A4F7556}") = "PostalTracking.DAL", "PostalTracking.DAL\PostalTracking.DAL.csproj", "{869CBCA8-C2D2-499C-815E-3481A7403BED}"
EndProject
Project("{FAE04EC0-301F-11D3-BF4B-00C04F79EFBC}") = "PostalTracking.Tests", "PostalTracking.Tests\PostalTracking.Tests.csproj", "{D5C4BE55-634E-4545-AC76-84BFD9CFF561}"
EndProject
Global
	GlobalSection(SolutionConfigurationPlatforms) = preSolution
		Debug|Any CPU = Debug|Any CPU
		Release|Any CPU = Release|Any CPU
	EndGlobalSection
	GlobalSection(ProjectConfigurationPlatforms) = postSolution
		{D6D5B2FF-2E03-4AA3-AA43-9322B8D93B36}.Debug|Any CPU.ActiveCfg = Debug|Any CPU
		{D6D5B2FF-2E03-4AA3-AA43-9322B8D93B36}.Debug|Any CPU.Build.0 = Debug|Any CPU
		{D6D5B2FF-2E03-4AA3-AA43-9322B8D93B36}.Release|Any CPU.ActiveCfg = Release|Any CPU
		{D6D5B2FF-2E03-4AA3-AA43-9322B8D93B36}.Release|Any CPU.Build.0 = Release|Any CPU
		{869CBCA8-C2D2-499C-815E-3481A7403BED}.Debug|Any CPU.ActiveCfg = Debug|Any CPU
		{869CBCA8-C2D2-499C-815E-3481A7403BED}.Debug|Any CPU.Build.0 = Debug|Any CPU
		{869CBCA8-C2D2-499C-815E-3481A7403BED}.Release|Any CPU.ActiveCfg = Release|Any CPU
		{869CBCA8-C2D2-499C-815E-3481A7403BED}.Release|Any CPU.Build.0 = Release|Any CPU
		{D5C4BE55-634E-4545-AC76-84BFD9CFF561}.Debug|Any CPU.ActiveCfg = Debug|Any CPU
		{D5C4BE55-634E-4545-AC76-84BFD9CFF561}.Debug|Any CPU.Build.0 = Debug|Any CPU
		{D5C4BE55-634E-4545-AC76-84BFD9CFF561}.Release|Any CPU.ActiveCfg = Release|Any CPU
		{D5C4BE55-634E-4545-AC76-84BFD9CFF561}.Release|Any CPU.Build.0 = Release|Any CPU
	EndGlobalSection
	GlobalSection(SolutionProperties) = preSolution
		HideSolutionNode = FALSE
	EndGlobalSection
	GlobalSection(ExtensibilityGlobals) = postSolution
		SolutionGuid = {F58D526D-4E92-4E29-A17E-F8A78F4F093E}
	EndGlobalSection
EndGlobal
